
Microsoft Visual Studio Solution File, Format Version 12.00
# Visual Studio Version 16
VisualStudioVersion = 16.0.29123.88
MinimumVisualStudioVersion = 10.0.40219.1
Project("{FAE04EC0-301F-11D3-BF4B-00C04F79EFBC}") = "Lab14_BillInheritance", "Lab14_BillInheritance\Lab14_BillInheritance.csproj", "{01C89A46-AC07-4C3C-AF92-7CFEECD4486F}"
EndProject
Global
	GlobalSection(SolutionConfigurationPlatforms) = preSolution
		Debug|Any CPU = Debug|Any CPU
		Release|Any CPU = Release|Any CPU
	EndGlobalSection
	GlobalSection(ProjectConfigurationPlatforms) = postSolution
		{01C89A46-AC07-4C3C-AF92-7CFEECD4486F}.Debug|Any CPU.ActiveCfg = Debug|Any CPU
		{01C89A46-AC07-4C3C-AF92-7CFEECD4486F}.Debug|Any CPU.Build.0 = Debug|Any CPU
		{01C89A46-AC07-4C3C-AF92-7CFEECD4486F}.Release|Any CPU.ActiveCfg = Release|Any CPU
		{01C89A46-AC07-4C3C-AF92-7CFEECD4486F}.Release|Any CPU.Build.0 = Release|Any CPU
	EndGlobalSection
	GlobalSection(SolutionProperties) = preSolution
		HideSolutionNode = FALSE
	EndGlobalSection
	GlobalSection(ExtensibilityGlobals) = postSolution
		SolutionGuid = {34600D94-10D8-41FA-B484-CBD772521A92}
	EndGlobalSection
EndGlobal
